
Microsoft Visual Studio Solution File, Format Version 12.00
# Visual Studio Version 16
VisualStudioVersion = 16.0.31702.278
MinimumVisualStudioVersion = 10.0.40219.1
Project("{FAE04EC0-301F-11D3-BF4B-00C04F79EFBC}") = "Zd_17.12", "Zd_17.12\Zd_17.12.csproj", "{843C805C-384C-4799-94A1-16F931E949A0}"
EndProject
Global
	GlobalSection(SolutionConfigurationPlatforms) = preSolution
		Debug|Any CPU = Debug|Any CPU
		Release|Any CPU = Release|Any CPU
	EndGlobalSection
	GlobalSection(ProjectConfigurationPlatforms) = postSolution
		{843C805C-384C-4799-94A1-16F931E949A0}.Debug|Any CPU.ActiveCfg = Debug|Any CPU
		{843C805C-384C-4799-94A1-16F931E949A0}.Debug|Any CPU.Build.0 = Debug|Any CPU
		{843C805C-384C-4799-94A1-16F931E949A0}.Release|Any CPU.ActiveCfg = Release|Any CPU
		{843C805C-384C-4799-94A1-16F931E949A0}.Release|Any CPU.Build.0 = Release|Any CPU
	EndGlobalSection
	GlobalSection(SolutionProperties) = preSolution
		HideSolutionNode = FALSE
	EndGlobalSection
	GlobalSection(ExtensibilityGlobals) = postSolution
		SolutionGuid = {C2A9B6EC-3645-4236-9C9C-C59E78950E41}
	EndGlobalSection
EndGlobal
